
Microsoft Visual Studio Solution File, Format Version 12.00
# Visual Studio 14
VisualStudioVersion = 14.0.25420.1
MinimumVisualStudioVersion = 10.0.40219.1
Project("{E24C65DC-7377-472B-9ABA-BC803B73C61A}") = "IQOR", "http://localhost/IQOR", "{2782E60B-6C2A-4A77-B24A-DD7C2A39AC20}"
	ProjectSection(WebsiteProperties) = preProject
		UseIISExpress = "false"
		TargetFrameworkMoniker = ".NETFramework,Version%3Dv2.0"
		Debug.AspNetCompiler.VirtualPath = "/IQOR"
		Debug.AspNetCompiler.PhysicalPath = "D:\BROMY\IQOR\"
		Debug.AspNetCompiler.TargetPath = "PrecompiledWeb\IQOR\"
		Debug.AspNetCompiler.Updateable = "true"
		Debug.AspNetCompiler.ForceOverwrite = "true"
		Debug.AspNetCompiler.FixedNames = "false"
		Debug.AspNetCompiler.Debug = "True"
		Release.AspNetCompiler.VirtualPath = "/IQOR"
		Release.AspNetCompiler.PhysicalPath = "D:\BROMY\IQOR\"
		Release.AspNetCompiler.TargetPath = "PrecompiledWeb\IQOR\"
		Release.AspNetCompiler.Updateable = "true"
		Release.AspNetCompiler.ForceOverwrite = "true"
		Release.AspNetCompiler.FixedNames = "false"
		Release.AspNetCompiler.Debug = "False"
		SlnRelativePath = "D:\BROMY\IQOR\"
	EndProjectSection
EndProject
Global
	GlobalSection(SolutionConfigurationPlatforms) = preSolution
		Debug|Any CPU = Debug|Any CPU
	EndGlobalSection
	GlobalSection(ProjectConfigurationPlatforms) = postSolution
		{2782E60B-6C2A-4A77-B24A-DD7C2A39AC20}.Debug|Any CPU.ActiveCfg = Debug|Any CPU
		{2782E60B-6C2A-4A77-B24A-DD7C2A39AC20}.Debug|Any CPU.Build.0 = Debug|Any CPU
	EndGlobalSection
	GlobalSection(SolutionProperties) = preSolution
		HideSolutionNode = FALSE
	EndGlobalSection
EndGlobal
